
Microsoft Visual Studio Solution File, Format Version 12.00
# Visual Studio Version 17
VisualStudioVersion = 17.10.35013.160
MinimumVisualStudioVersion = 10.0.40219.1
Project("{9A19103F-16F7-4668-BE54-9A1E7A4F7556}") = "Challenge.Shell", "Challenge.Shell\Challenge.Shell.csproj", "{1BF65695-C39D-4BA0-8EBC-39583361E8A0}"
EndProject
Project("{9A19103F-16F7-4668-BE54-9A1E7A4F7556}") = "Challenge.Domain", "..\Challenge.Domain\Challenge.Domain.csproj", "{9985ACA8-53C9-42E4-AE2A-CE60327061CF}"
EndProject
Project("{9A19103F-16F7-4668-BE54-9A1E7A4F7556}") = "Challenge.Common", "..\Challenge.Common\Challenge.Common.csproj", "{27EC1750-D6DA-4CF7-A027-5BFD24C6A271}"
EndProject
Project("{2150E333-8FDC-42A3-9474-1A3956D46DE8}") = "_config", "_config", "{6442F7C7-0570-48DE-9690-336A66256198}"
	ProjectSection(SolutionItems) = preProject
		..\..\.editorconfig = ..\..\.editorconfig
	EndProjectSection
EndProject
Global
	GlobalSection(SolutionConfigurationPlatforms) = preSolution
		Debug|Any CPU = Debug|Any CPU
		Release|Any CPU = Release|Any CPU
	EndGlobalSection
	GlobalSection(ProjectConfigurationPlatforms) = postSolution
		{1BF65695-C39D-4BA0-8EBC-39583361E8A0}.Debug|Any CPU.ActiveCfg = Debug|Any CPU
		{1BF65695-C39D-4BA0-8EBC-39583361E8A0}.Debug|Any CPU.Build.0 = Debug|Any CPU
		{1BF65695-C39D-4BA0-8EBC-39583361E8A0}.Release|Any CPU.ActiveCfg = Release|Any CPU
		{1BF65695-C39D-4BA0-8EBC-39583361E8A0}.Release|Any CPU.Build.0 = Release|Any CPU
		{9985ACA8-53C9-42E4-AE2A-CE60327061CF}.Debug|Any CPU.ActiveCfg = Debug|Any CPU
		{9985ACA8-53C9-42E4-AE2A-CE60327061CF}.Debug|Any CPU.Build.0 = Debug|Any CPU
		{9985ACA8-53C9-42E4-AE2A-CE60327061CF}.Release|Any CPU.ActiveCfg = Release|Any CPU
		{9985ACA8-53C9-42E4-AE2A-CE60327061CF}.Release|Any CPU.Build.0 = Release|Any CPU
		{27EC1750-D6DA-4CF7-A027-5BFD24C6A271}.Debug|Any CPU.ActiveCfg = Debug|Any CPU
		{27EC1750-D6DA-4CF7-A027-5BFD24C6A271}.Debug|Any CPU.Build.0 = Debug|Any CPU
		{27EC1750-D6DA-4CF7-A027-5BFD24C6A271}.Release|Any CPU.ActiveCfg = Release|Any CPU
		{27EC1750-D6DA-4CF7-A027-5BFD24C6A271}.Release|Any CPU.Build.0 = Release|Any CPU
	EndGlobalSection
	GlobalSection(SolutionProperties) = preSolution
		HideSolutionNode = FALSE
	EndGlobalSection
	GlobalSection(ExtensibilityGlobals) = postSolution
		SolutionGuid = {EF2BB9D9-B9AB-485E-B124-4C75470D0E79}
	EndGlobalSection
EndGlobal
